
Microsoft Visual Studio Solution File, Format Version 12.00
# Visual Studio Version 17
VisualStudioVersion = 17.11.35312.102
MinimumVisualStudioVersion = 10.0.40219.1
Project("{FAE04EC0-301F-11D3-BF4B-00C04F79EFBC}") = "GamerSystemSimulation", "GamerSystemSimulation\GamerSystemSimulation.csproj", "{A7CC32F9-E2EB-4E54-9D02-1E4DF33BB625}"
EndProject
Global
	GlobalSection(SolutionConfigurationPlatforms) = preSolution
		Debug|Any CPU = Debug|Any CPU
		Release|Any CPU = Release|Any CPU
	EndGlobalSection
	GlobalSection(ProjectConfigurationPlatforms) = postSolution
		{A7CC32F9-E2EB-4E54-9D02-1E4DF33BB625}.Debug|Any CPU.ActiveCfg = Debug|Any CPU
		{A7CC32F9-E2EB-4E54-9D02-1E4DF33BB625}.Debug|Any CPU.Build.0 = Debug|Any CPU
		{A7CC32F9-E2EB-4E54-9D02-1E4DF33BB625}.Release|Any CPU.ActiveCfg = Release|Any CPU
		{A7CC32F9-E2EB-4E54-9D02-1E4DF33BB625}.Release|Any CPU.Build.0 = Release|Any CPU
	EndGlobalSection
	GlobalSection(SolutionProperties) = preSolution
		HideSolutionNode = FALSE
	EndGlobalSection
	GlobalSection(ExtensibilityGlobals) = postSolution
		SolutionGuid = {B6F24CB2-CD67-4F4A-8807-DF3B01741629}
	EndGlobalSection
EndGlobal
